
Microsoft Visual Studio Solution File, Format Version 12.00
# Visual Studio Version 17
VisualStudioVersion = 17.4.33110.190
MinimumVisualStudioVersion = 10.0.40219.1
Project("{FAE04EC0-301F-11D3-BF4B-00C04F79EFBC}") = "Shop", "Shop\Shop.csproj", "{5E785AD9-DFAB-4EF7-931B-27093E555F61}"
EndProject
Global
	GlobalSection(SolutionConfigurationPlatforms) = preSolution
		Debug|Any CPU = Debug|Any CPU
		Release|Any CPU = Release|Any CPU
	EndGlobalSection
	GlobalSection(ProjectConfigurationPlatforms) = postSolution
		{5E785AD9-DFAB-4EF7-931B-27093E555F61}.Debug|Any CPU.ActiveCfg = Debug|Any CPU
		{5E785AD9-DFAB-4EF7-931B-27093E555F61}.Debug|Any CPU.Build.0 = Debug|Any CPU
		{5E785AD9-DFAB-4EF7-931B-27093E555F61}.Release|Any CPU.ActiveCfg = Release|Any CPU
		{5E785AD9-DFAB-4EF7-931B-27093E555F61}.Release|Any CPU.Build.0 = Release|Any CPU
	EndGlobalSection
	GlobalSection(SolutionProperties) = preSolution
		HideSolutionNode = FALSE
	EndGlobalSection
	GlobalSection(ExtensibilityGlobals) = postSolution
		SolutionGuid = {BFB5DE97-A46F-4AAD-8C68-E48D1BFE18FC}
	EndGlobalSection
EndGlobal
